// !$*UTF8*$!
{
	archiveVersion = 1;
	classes = {
	};
	objectVersion = 46;
	objects = {

/* Begin PBXBuildFile section */
		395BD4B31D5D69FA00E864D3 /* UIAlertController+BackDisappear.m in Sources */ = {isa = PBXBuildFile; fileRef = 395BD4B21D5D69FA00E864D3 /* UIAlertController+BackDisappear.m */; };
		395BD4B61D5DA58F00E864D3 /* OneVC.m in Sources */ = {isa = PBXBuildFile; fileRef = 395BD4B51D5DA58F00E864D3 /* OneVC.m */; };
		396076741BFEC73700983B75 /* main.m in Sources */ = {isa = PBXBuildFile; fileRef = 396076731BFEC73700983B75 /* main.m */; };
		396076771BFEC73700983B75 /* AppDelegate.m in Sources */ = {isa = PBXBuildFile; fileRef = 396076761BFEC73700983B75 /* AppDelegate.m */; };
		3960767A1BFEC73700983B75 /* ViewController.m in Sources */ = {isa = PBXBuildFile; fileRef = 396076791BFEC73700983B75 /* ViewController.m */; };
		3960767D1BFEC73700983B75 /* Main.storyboard in Resources */ = {isa = PBXBuildFile; fileRef = 3960767B1BFEC73700983B75 /* Main.storyboard */; };
		3960767F1BFEC73700983B75 /* Assets.xcassets in Resources */ = {isa = PBXBuildFile; fileRef = 3960767E1BFEC73700983B75 /* Assets.xcassets */; };
		396076821BFEC73700983B75 /* LaunchScreen.storyboard in Resources */ = {isa = PBXBuildFile; fileRef = 396076801BFEC73700983B75 /* LaunchScreen.storyboard */; };
/* End PBXBuildFile section */

/* Begin PBXContainerItemProxy section */
		396076891BFEC73800983B75 /* PBXContainerItemProxy */ = {
			isa = PBXContainerItemProxy;
			containerPortal = 396076671BFEC73700983B75 /* Project object */;
			proxyType = 1;
			remoteGlobalIDString = 3960766E1BFEC73700983B75;
			remoteInfo = "UIAiertView点击区域外弹框消失";
		};
		396076941BFEC73800983B75 /* PBXContainerItemProxy */ = {
			isa = PBXContainerItemProxy;
			containerPortal = 396076671BFEC73700983B75 /* Project object */;
			proxyType = 1;
			remoteGlobalIDString = 3960766E1BFEC73700983B75;
			remoteInfo = "UIAiertView点击区域外弹框消失";
		};
/* End PBXContainerItemProxy section */

/* Begin PBXFileReference section */
		395BD4B11D5D69FA00E864D3 /* UIAlertController+BackDisappear.h */ = {isa = PBXFileReference; fileEncoding = 4; lastKnownFileType = sourcecode.c.h; path = "UIAlertController+BackDisappear.h"; sourceTree = "<group>"; };
		395BD4B21D5D69FA00E864D3 /* UIAlertController+BackDisappear.m */ = {isa = PBXFileReference; fileEncoding = 4; lastKnownFileType = sourcecode.c.objc; path = "UIAlertController+BackDisappear.m"; sourceTree = "<group>"; };
		395BD4B41D5DA58F00E864D3 /* OneVC.h */ = {isa = PBXFileReference; fileEncoding = 4; lastKnownFileType = sourcecode.c.h; path = OneVC.h; sourceTree = "<group>"; };
		395BD4B51D5DA58F00E864D3 /* OneVC.m */ = {isa = PBXFileReference; fileEncoding = 4; lastKnownFileType = sourcecode.c.objc; path = OneVC.m; sourceTree = "<group>"; };
		3960766F1BFEC73700983B75 /* UIAiertView点击区域外弹框消失.app */ = {isa = PBXFileReference; explicitFileType = wrapper.application; includeInIndex = 0; path = "UIAiertView点击区域外弹框消失.app"; sourceTree = BUILT_PRODUCTS_DIR; };
		396076731BFEC73700983B75 /* main.m */ = {isa = PBXFileReference; lastKnownFileType = sourcecode.c.objc; path = main.m; sourceTree = "<group>"; };
		396076751BFEC73700983B75 /* AppDelegate.h */ = {isa = PBXFileReference; lastKnownFileType = sourcecode.c.h; path = AppDelegate.h; sourceTree = "<group>"; };
		396076761BFEC73700983B75 /* AppDelegate.m */ = {isa = PBXFileReference; lastKnownFileType = sourcecode.c.objc; path = AppDelegate.m; sourceTree = "<group>"; };
		396076781BFEC73700983B75 /* ViewController.h */ = {isa = PBXFileReference; lastKnownFileType = sourcecode.c.h; path = ViewController.h; sourceTree = "<group>"; };
		396076791BFEC73700983B75 /* ViewController.m */ = {isa = PBXFileReference; lastKnownFileType = sourcecode.c.objc; path = ViewController.m; sourceTree = "<group>"; };
		3960767C1BFEC73700983B75 /* Base */ = {isa = PBXFileReference; lastKnownFileType = file.storyboard; name = Base; path = Base.lproj/Main.storyboard; sourceTree = "<group>"; };
		3960767E1BFEC73700983B75 /* Assets.xcassets */ = {isa = PBXFileReference; lastKnownFileType = folder.assetcatalog; path = Assets.xcassets; sourceTree = "<group>"; };
		396076811BFEC73700983B75 /* Base */ = {isa = PBXFileReference; lastKnownFileType = file.storyboard; name = Base; path = Base.lproj/LaunchScreen.storyboard; sourceTree = "<group>"; };
		396076831BFEC73700983B75 /* Info.plist */ = {isa = PBXFileReference; lastKnownFileType = text.plist.xml; path = Info.plist; sourceTree = "<group>"; };
		396076881BFEC73700983B75 /* UIAiertView点击区域外弹框消失Tests.xctest */ = {isa = PBXFileReference; explicitFileType = wrapper.cfbundle; includeInIndex = 0; path = "UIAiertView点击区域外弹框消失Tests.xctest"; sourceTree = BUILT_PRODUCTS_DIR; };
		396076931BFEC73800983B75 /* UIAiertView点击区域外弹框消失UITests.xctest */ = {isa = PBXFileReference; explicitFileType = wrapper.cfbundle; includeInIndex = 0; path = "UIAiertView点击区域外弹框消失UITests.xctest"; sourceTree = BUILT_PRODUCTS_DIR; };
/* End PBXFileReference section */

/* Begin PBXFrameworksBuildPhase section */
		3960766C1BFEC73700983B75 /* Frameworks */ = {
			isa = PBXFrameworksBuildPhase;
			buildActionMask = 2147483647;
			files = (
			);
			runOnlyForDeploymentPostprocessing = 0;
		};
		396076851BFEC73700983B75 /* Frameworks */ = {
			isa = PBXFrameworksBuildPhase;
			buildActionMask = 2147483647;
			files = (
			);
			runOnlyForDeploymentPostprocessing = 0;
		};
		396076901BFEC73800983B75 /* Frameworks */ = {
			isa = PBXFrameworksBuildPhase;
			buildActionMask = 2147483647;
			files = (
			);
			runOnlyForDeploymentPostprocessing = 0;
		};
/* End PBXFrameworksBuildPhase section */

/* Begin PBXGroup section */
		396076661BFEC73700983B75 = {
			isa = PBXGroup;
			children = (
				396076711BFEC73700983B75 /* UIAiertView点击区域外弹框消失 */,
				396076701BFEC73700983B75 /* Products */,
			);
			sourceTree = "<group>";
		};
		396076701BFEC73700983B75 /* Products */ = {
			isa = PBXGroup;
			children = (
				3960766F1BFEC73700983B75 /* UIAiertView点击区域外弹框消失.app */,
				396076881BFEC73700983B75 /* UIAiertView点击区域外弹框消失Tests.xctest */,
				396076931BFEC73800983B75 /* UIAiertView点击区域外弹框消失UITests.xctest */,
			);
			name = Products;
			sourceTree = "<group>";
		};
		396076711BFEC73700983B75 /* UIAiertView点击区域外弹框消失 */ = {
			isa = PBXGroup;
			children = (
				396076A51BFEC76600983B75 /* 类别 */,
				396076751BFEC73700983B75 /* AppDelegate.h */,
				396076761BFEC73700983B75 /* AppDelegate.m */,
				396076781BFEC73700983B75 /* ViewController.h */,
				396076791BFEC73700983B75 /* ViewController.m */,
				395BD4B41D5DA58F00E864D3 /* OneVC.h */,
				395BD4B51D5DA58F00E864D3 /* OneVC.m */,
				3960767B1BFEC73700983B75 /* Main.storyboard */,
				3960767E1BFEC73700983B75 /* Assets.xcassets */,
				396076801BFEC73700983B75 /* LaunchScreen.storyboard */,
				396076831BFEC73700983B75 /* Info.plist */,
				396076721BFEC73700983B75 /* Supporting Files */,
			);
			path = "UIAiertView点击区域外弹框消失";
			sourceTree = "<group>";
		};
		396076721BFEC73700983B75 /* Supporting Files */ = {
			isa = PBXGroup;
			children = (
				396076731BFEC73700983B75 /* main.m */,
			);
			name = "Supporting Files";
			sourceTree = "<group>";
		};
		396076A51BFEC76600983B75 /* 类别 */ = {
			isa = PBXGroup;
			children = (
				395BD4B11D5D69FA00E864D3 /* UIAlertController+BackDisappear.h */,
				395BD4B21D5D69FA00E864D3 /* UIAlertController+BackDisappear.m */,
			);
			path = "类别";
			sourceTree = "<group>";
		};
/* End PBXGroup section */

/* Begin PBXNativeTarget section */
		3960766E1BFEC73700983B75 /* UIAiertView点击区域外弹框消失 */ = {
			isa = PBXNativeTarget;
			buildConfigurationList = 3960769C1BFEC73800983B75 /* Build configuration list for PBXNativeTarget "UIAiertView点击区域外弹框消失" */;
			buildPhases = (
				3960766B1BFEC73700983B75 /* Sources */,
				3960766C1BFEC73700983B75 /* Frameworks */,
				3960766D1BFEC73700983B75 /* Resources */,
			);
			buildRules = (
			);
			dependencies = (
			);
			name = "UIAiertView点击区域外弹框消失";
			productName = "UIAiertView点击区域外弹框消失";
			productReference = 3960766F1BFEC73700983B75 /* UIAiertView点击区域外弹框消失.app */;
			productType = "com.apple.product-type.application";
		};
		396076871BFEC73700983B75 /* UIAiertView点击区域外弹框消失Tests */ = {
			isa = PBXNativeTarget;
			buildConfigurationList = 3960769F1BFEC73800983B75 /* Build configuration list for PBXNativeTarget "UIAiertView点击区域外弹框消失Tests" */;
			buildPhases = (
				396076841BFEC73700983B75 /* Sources */,
				396076851BFEC73700983B75 /* Frameworks */,
				396076861BFEC73700983B75 /* Resources */,
			);
			buildRules = (
			);
			dependencies = (
				3960768A1BFEC73800983B75 /* PBXTargetDependency */,
			);
			name = "UIAiertView点击区域外弹框消失Tests";
			productName = "UIAiertView点击区域外弹框消失Tests";
			productReference = 396076881BFEC73700983B75 /* UIAiertView点击区域外弹框消失Tests.xctest */;
			productType = "com.apple.product-type.bundle.unit-test";
		};
		396076921BFEC73800983B75 /* UIAiertView点击区域外弹框消失UITests */ = {
			isa = PBXNativeTarget;
			buildConfigurationList = 396076A21BFEC73800983B75 /* Build configuration list for PBXNativeTarget "UIAiertView点击区域外弹框消失UITests" */;
			buildPhases = (
				3960768F1BFEC73800983B75 /* Sources */,
				396076901BFEC73800983B75 /* Frameworks */,
				396076911BFEC73800983B75 /* Resources */,
			);
			buildRules = (
			);
			dependencies = (
				396076951BFEC73800983B75 /* PBXTargetDependency */,
			);
			name = "UIAiertView点击区域外弹框消失UITests";
			productName = "UIAiertView点击区域外弹框消失UITests";
			productReference = 396076931BFEC73800983B75 /* UIAiertView点击区域外弹框消失UITests.xctest */;
			productType = "com.apple.product-type.bundle.ui-testing";
		};
/* End PBXNativeTarget section */

/* Begin PBXProject section */
		396076671BFEC73700983B75 /* Project object */ = {
			isa = PBXProject;
			attributes = {
				LastUpgradeCheck = 0700;
				ORGANIZATIONNAME = qinman;
				TargetAttributes = {
					3960766E1BFEC73700983B75 = {
						CreatedOnToolsVersion = 7.0;
					};
					396076871BFEC73700983B75 = {
						CreatedOnToolsVersion = 7.0;
						TestTargetID = 3960766E1BFEC73700983B75;
					};
					396076921BFEC73800983B75 = {
						CreatedOnToolsVersion = 7.0;
						TestTargetID = 3960766E1BFEC73700983B75;
					};
				};
			};
			buildConfigurationList = 3960766A1BFEC73700983B75 /* Build configuration list for PBXProject "UIAiertView点击区域外弹框消失" */;
			compatibilityVersion = "Xcode 3.2";
			developmentRegion = English;
			hasScannedForEncodings = 0;
			knownRegions = (
				en,
				Base,
			);
			mainGroup = 396076661BFEC73700983B75;
			productRefGroup = 396076701BFEC73700983B75 /* Products */;
			projectDirPath = "";
			projectRoot = "";
			targets = (
				3960766E1BFEC73700983B75 /* UIAiertView点击区域外弹框消失 */,
				396076871BFEC73700983B75 /* UIAiertView点击区域外弹框消失Tests */,
				396076921BFEC73800983B75 /* UIAiertView点击区域外弹框消失UITests */,
			);
		};
/* End PBXProject section */

/* Begin PBXResourcesBuildPhase section */
		3960766D1BFEC73700983B75 /* Resources */ = {
			isa = PBXResourcesBuildPhase;
			buildActionMask = 2147483647;
			files = (
				396076821BFEC73700983B75 /* LaunchScreen.storyboard in Resources */,
				3960767F1BFEC73700983B75 /* Assets.xcassets in Resources */,
				3960767D1BFEC73700983B75 /* Main.storyboard in Resources */,
			);
			runOnlyForDeploymentPostprocessing = 0;
		};
		396076861BFEC73700983B75 /* Resources */ = {
			isa = PBXResourcesBuildPhase;
			buildActionMask = 2147483647;
			files = (
			);
			runOnlyForDeploymentPostprocessing = 0;
		};
		396076911BFEC73800983B75 /* Resources */ = {
			isa = PBXResourcesBuildPhase;
			buildActionMask = 2147483647;
			files = (
			);
			runOnlyForDeploymentPostprocessing = 0;
		};
/* End PBXResourcesBuildPhase section */

/* Begin PBXSourcesBuildPhase section */
		3960766B1BFEC73700983B75 /* Sources */ = {
			isa = PBXSourcesBuildPhase;
			buildActionMask = 2147483647;
			files = (
				3960767A1BFEC73700983B75 /* ViewController.m in Sources */,
				396076771BFEC73700983B75 /* AppDelegate.m in Sources */,
				395BD4B31D5D69FA00E864D3 /* UIAlertController+BackDisappear.m in Sources */,
				395BD4B61D5DA58F00E864D3 /* OneVC.m in Sources */,
				396076741BFEC73700983B75 /* main.m in Sources */,
			);
			runOnlyForDeploymentPostprocessing = 0;
		};
		396076841BFEC73700983B75 /* Sources */ = {
			isa = PBXSourcesBuildPhase;
			buildActionMask = 2147483647;
			files = (
			);
			runOnlyForDeploymentPostprocessing = 0;
		};
		3960768F1BFEC73800983B75 /* Sources */ = {
			isa = PBXSourcesBuildPhase;
			buildActionMask = 2147483647;
			files = (
			);
			runOnlyForDeploymentPostprocessing = 0;
		};
/* End PBXSourcesBuildPhase section */

/* Begin PBXTargetDependency section */
		3960768A1BFEC73800983B75 /* PBXTargetDependency */ = {
			isa = PBXTargetDependency;
			target = 3960766E1BFEC73700983B75 /* UIAiertView点击区域外弹框消失 */;
			targetProxy = 396076891BFEC73800983B75 /* PBXContainerItemProxy */;
		};
		396076951BFEC73800983B75 /* PBXTargetDependency */ = {
			isa = PBXTargetDependency;
			target = 3960766E1BFEC73700983B75 /* UIAiertView点击区域外弹框消失 */;
			targetProxy = 396076941BFEC73800983B75 /* PBXContainerItemProxy */;
		};
/* End PBXTargetDependency section */

/* Begin PBXVariantGroup section */
		3960767B1BFEC73700983B75 /* Main.storyboard */ = {
			isa = PBXVariantGroup;
			children = (
				3960767C1BFEC73700983B75 /* Base */,
			);
			name = Main.storyboard;
			sourceTree = "<group>";
		};
		396076801BFEC73700983B75 /* LaunchScreen.storyboard */ = {
			isa = PBXVariantGroup;
			children = (
				396076811BFEC73700983B75 /* Base */,
			);
			name = LaunchScreen.storyboard;
			sourceTree = "<group>";
		};
/* End PBXVariantGroup section */

/* Begin XCBuildConfiguration section */
		3960769A1BFEC73800983B75 /* Debug */ = {
			isa = XCBuildConfiguration;
			buildSettings = {
				ALWAYS_SEARCH_USER_PATHS = NO;
				CLANG_CXX_LANGUAGE_STANDARD = "gnu++0x";
				CLANG_CXX_LIBRARY = "libc++";
				CLANG_ENABLE_MODULES = YES;
				CLANG_ENABLE_OBJC_ARC = YES;
				CLANG_WARN_BOOL_CONVERSION = YES;
				CLANG_WARN_CONSTANT_CONVERSION = YES;
				CLANG_WARN_DIRECT_OBJC_ISA_USAGE = YES_ERROR;
				CLANG_WARN_EMPTY_BODY = YES;
				CLANG_WARN_ENUM_CONVERSION = YES;
				CLANG_WARN_INT_CONVERSION = YES;
				CLANG_WARN_OBJC_ROOT_CLASS = YES_ERROR;
				CLANG_WARN_UNREACHABLE_CODE = YES;
				CLANG_WARN__DUPLICATE_METHOD_MATCH = YES;
				"CODE_SIGN_IDENTITY[sdk=iphoneos*]" = "iPhone Developer";
				COPY_PHASE_STRIP = NO;
				DEBUG_INFORMATION_FORMAT = dwarf;
				ENABLE_STRICT_OBJC_MSGSEND = YES;
				ENABLE_TESTABILITY = YES;
				GCC_C_LANGUAGE_STANDARD = gnu99;
				GCC_DYNAMIC_NO_PIC = NO;
				GCC_NO_COMMON_BLOCKS = YES;
				GCC_OPTIMIZATION_LEVEL = 0;
				GCC_PREPROCESSOR_DEFINITIONS = (
					"DEBUG=1",
					"$(inherited)",
				);
				GCC_WARN_64_TO_32_BIT_CONVERSION = YES;
				GCC_WARN_ABOUT_RETURN_TYPE = YES_ERROR;
				GCC_WARN_UNDECLARED_SELECTOR = YES;
				GCC_WARN_UNINITIALIZED_AUTOS = YES_AGGRESSIVE;
				GCC_WARN_UNUSED_FUNCTION = YES;
				GCC_WARN_UNUSED_VARIABLE = YES;
				IPHONEOS_DEPLOYMENT_TARGET = 9.0;
				MTL_ENABLE_DEBUG_INFO = YES;
				ONLY_ACTIVE_ARCH = YES;
				SDKROOT = iphoneos;
			};
			name = Debug;
		};
		3960769B1BFEC73800983B75 /* Release */ = {
			isa = XCBuildConfiguration;
			buildSettings = {
				ALWAYS_SEARCH_USER_PATHS = NO;
				CLANG_CXX_LANGUAGE_STANDARD = "gnu++0x";
				CLANG_CXX_LIBRARY = "libc++";
				CLANG_ENABLE_MODULES = YES;
				CLANG_ENABLE_OBJC_ARC = YES;
				CLANG_WARN_BOOL_CONVERSION = YES;
				CLANG_WARN_CONSTANT_CONVERSION = YES;
				CLANG_WARN_DIRECT_OBJC_ISA_USAGE = YES_ERROR;
				CLANG_WARN_EMPTY_BODY = YES;
				CLANG_WARN_ENUM_CONVERSION = YES;
				CLANG_WARN_INT_CONVERSION = YES;
				CLANG_WARN_OBJC_ROOT_CLASS = YES_ERROR;
				CLANG_WARN_UNREACHABLE_CODE = YES;
				CLANG_WARN__DUPLICATE_METHOD_MATCH = YES;
				"CODE_SIGN_IDENTITY[sdk=iphoneos*]" = "iPhone Developer";
				COPY_PHASE_STRIP = NO;
				DEBUG_INFORMATION_FORMAT = "dwarf-with-dsym";
				ENABLE_NS_ASSERTIONS = NO;
				ENABLE_STRICT_OBJC_MSGSEND = YES;
				GCC_C_LANGUAGE_STANDARD = gnu99;
				GCC_NO_COMMON_BLOCKS = YES;
				GCC_WARN_64_TO_32_BIT_CONVERSION = YES;
				GCC_WARN_ABOUT_RETURN_TYPE = YES_ERROR;
				GCC_WARN_UNDECLARED_SELECTOR = YES;
				GCC_WARN_UNINITIALIZED_AUTOS = YES_AGGRESSIVE;
				GCC_WARN_UNUSED_FUNCTION = YES;
				GCC_WARN_UNUSED_VARIABLE = YES;
				IPHONEOS_DEPLOYMENT_TARGET = 9.0;
				MTL_ENABLE_DEBUG_INFO = NO;
				SDKROOT = iphoneos;
				VALIDATE_PRODUCT = YES;
			};
			name = Release;
		};
		3960769D1BFEC73800983B75 /* Debug */ = {
			isa = XCBuildConfiguration;
			buildSettings = {
				ASSETCATALOG_COMPILER_APPICON_NAME = AppIcon;
				INFOPLIST_FILE = "UIAiertView点击区域外弹框消失/Info.plist";
				LD_RUNPATH_SEARCH_PATHS = "$(inherited) @executable_path/Frameworks";
				PRODUCT_BUNDLE_IDENTIFIER = "http---www.fang.com.UIAiertView---------";
				PRODUCT_NAME = "$(TARGET_NAME)";
			};
			name = Debug;
		};
		3960769E1BFEC73800983B75 /* Release */ = {
			isa = XCBuildConfiguration;
			buildSettings = {
				ASSETCATALOG_COMPILER_APPICON_NAME = AppIcon;
				INFOPLIST_FILE = "UIAiertView点击区域外弹框消失/Info.plist";
				LD_RUNPATH_SEARCH_PATHS = "$(inherited) @executable_path/Frameworks";
				PRODUCT_BUNDLE_IDENTIFIER = "http---www.fang.com.UIAiertView---------";
				PRODUCT_NAME = "$(TARGET_NAME)";
			};
			name = Release;
		};
		396076A01BFEC73800983B75 /* Debug */ = {
			isa = XCBuildConfiguration;
			buildSettings = {
				BUNDLE_LOADER = "$(TEST_HOST)";
				INFOPLIST_FILE = "UIAiertView点击区域外弹框消失Tests/Info.plist";
				LD_RUNPATH_SEARCH_PATHS = "$(inherited) @executable_path/Frameworks @loader_path/Frameworks";
				PRODUCT_BUNDLE_IDENTIFIER = "http---www.fang.com.UIAiertView---------Tests";
				PRODUCT_NAME = "$(TARGET_NAME)";
				TEST_HOST = "$(BUILT_PRODUCTS_DIR)/UIAiertView点击区域外弹框消失.app/UIAiertView点击区域外弹框消失";
			};
			name = Debug;
		};
		396076A11BFEC73800983B75 /* Release */ = {
			isa = XCBuildConfiguration;
			buildSettings = {
				BUNDLE_LOADER = "$(TEST_HOST)";
				INFOPLIST_FILE = "UIAiertView点击区域外弹框消失Tests/Info.plist";
				LD_RUNPATH_SEARCH_PATHS = "$(inherited) @executable_path/Frameworks @loader_path/Frameworks";
				PRODUCT_BUNDLE_IDENTIFIER = "http---www.fang.com.UIAiertView---------Tests";
				PRODUCT_NAME = "$(TARGET_NAME)";
				TEST_HOST = "$(BUILT_PRODUCTS_DIR)/UIAiertView点击区域外弹框消失.app/UIAiertView点击区域外弹框消失";
			};
			name = Release;
		};
		396076A31BFEC73800983B75 /* Debug */ = {
			isa = XCBuildConfiguration;
			buildSettings = {
				INFOPLIST_FILE = "UIAiertView点击区域外弹框消失UITests/Info.plist";
				LD_RUNPATH_SEARCH_PATHS = "$(inherited) @executable_path/Frameworks @loader_path/Frameworks";
				PRODUCT_BUNDLE_IDENTIFIER = "http---www.fang.com.UIAiertView---------UITests";
				PRODUCT_NAME = "$(TARGET_NAME)";
				TEST_TARGET_NAME = "UIAiertView点击区域外弹框消失";
				USES_XCTRUNNER = YES;
			};
			name = Debug;
		};
		396076A41BFEC73800983B75 /* Release */ = {
			isa = XCBuildConfiguration;
			buildSettings = {
				INFOPLIST_FILE = "UIAiertView点击区域外弹框消失UITests/Info.plist";
				LD_RUNPATH_SEARCH_PATHS = "$(inherited) @executable_path/Frameworks @loader_path/Frameworks";
				PRODUCT_BUNDLE_IDENTIFIER = "http---www.fang.com.UIAiertView---------UITests";
				PRODUCT_NAME = "$(TARGET_NAME)";
				TEST_TARGET_NAME = "UIAiertView点击区域外弹框消失";
				USES_XCTRUNNER = YES;
			};
			name = Release;
		};
/* End XCBuildConfiguration section */

/* Begin XCConfigurationList section */
		3960766A1BFEC73700983B75 /* Build configuration list for PBXProject "UIAiertView点击区域外弹框消失" */ = {
			isa = XCConfigurationList;
			buildConfigurations = (
				3960769A1BFEC73800983B75 /* Debug */,
				3960769B1BFEC73800983B75 /* Release */,
			);
			defaultConfigurationIsVisible = 0;
			defaultConfigurationName = Release;
		};
		3960769C1BFEC73800983B75 /* Build configuration list for PBXNativeTarget "UIAiertView点击区域外弹框消失" */ = {
			isa = XCConfigurationList;
			buildConfigurations = (
				3960769D1BFEC73800983B75 /* Debug */,
				3960769E1BFEC73800983B75 /* Release */,
			);
			defaultConfigurationIsVisible = 0;
			defaultConfigurationName = Release;
		};
		3960769F1BFEC73800983B75 /* Build configuration list for PBXNativeTarget "UIAiertView点击区域外弹框消失Tests" */ = {
			isa = XCConfigurationList;
			buildConfigurations = (
				396076A01BFEC73800983B75 /* Debug */,
				396076A11BFEC73800983B75 /* Release */,
			);
			defaultConfigurationIsVisible = 0;
			defaultConfigurationName = Release;
		};
		396076A21BFEC73800983B75 /* Build configuration list for PBXNativeTarget "UIAiertView点击区域外弹框消失UITests" */ = {
			isa = XCConfigurationList;
			buildConfigurations = (
				396076A31BFEC73800983B75 /* Debug */,
				396076A41BFEC73800983B75 /* Release */,
			);
			defaultConfigurationIsVisible = 0;
			defaultConfigurationName = Release;
		};
/* End XCConfigurationList section */
	};
	rootObject = 396076671BFEC73700983B75 /* Project object */;
}
